
Microsoft Visual Studio Solution File, Format Version 12.00
# Visual Studio Version 17
VisualStudioVersion = 17.2.32630.192
MinimumVisualStudioVersion = 10.0.40219.1
Project("{FAE04EC0-301F-11D3-BF4B-00C04F79EFBC}") = "TelegramBot", "TelegramBot\TelegramBot.csproj", "{DD8D17F4-22CF-4CB8-8BA7-FC05995E1DBC}"
EndProject
Global
	GlobalSection(SolutionConfigurationPlatforms) = preSolution
		Debug|Any CPU = Debug|Any CPU
		Release|Any CPU = Release|Any CPU
	EndGlobalSection
	GlobalSection(ProjectConfigurationPlatforms) = postSolution
		{DD8D17F4-22CF-4CB8-8BA7-FC05995E1DBC}.Debug|Any CPU.ActiveCfg = Debug|Any CPU
		{DD8D17F4-22CF-4CB8-8BA7-FC05995E1DBC}.Debug|Any CPU.Build.0 = Debug|Any CPU
		{DD8D17F4-22CF-4CB8-8BA7-FC05995E1DBC}.Release|Any CPU.ActiveCfg = Release|Any CPU
		{DD8D17F4-22CF-4CB8-8BA7-FC05995E1DBC}.Release|Any CPU.Build.0 = Release|Any CPU
	EndGlobalSection
	GlobalSection(SolutionProperties) = preSolution
		HideSolutionNode = FALSE
	EndGlobalSection
	GlobalSection(ExtensibilityGlobals) = postSolution
		SolutionGuid = {BBB2C09A-4116-4AE8-B53B-B28535B49F47}
	EndGlobalSection
EndGlobal
